dependencies:
- name: spark-operator
  repository: https://kubeflow.github.io/spark-operator
  version: 2.4.0
- name: superset
  repository: https://apache.github.io/superset
  version: 0.12.0
- name: kube-starrocks
  repository: https://starrocks.github.io/starrocks-kubernetes-operator
  version: 1.9.8
- name: airflow
  repository: https://airflow.apache.org
  version: 1.21.0
- name: metrics-server
  repository: https://kubernetes-sigs.github.io/metrics-server/
  version: 3.12.1
- name: kube-prometheus-stack
  repository: https://prometheus-community.github.io/helm-charts
  version: 56.6.2
- name: loki-stack
  repository: https://grafana.github.io/helm-charts
  version: 2.10.2
- name: cloudflared
  repository: file://./charts/cloudflared
  version: 1.0.0
- name: headlamp
  repository: file://./charts/headlamp
  version: 1.0.0
- name: monitoring
  repository: file://./charts/monitoring
  version: 1.0.0
- name: networking-extras
  repository: file://./charts/networking-extras
  version: 1.0.0
- name: persistence
  repository: file://./charts/persistence
  version: 1.0.0
- name: postgres
  repository: file://./charts/postgres
  version: 1.0.0
- name: redis
  repository: file://./charts/redis
  version: 1.0.0
- name: minio
  repository: file://./charts/minio
  version: 1.0.0
- name: hive-metastore
  repository: file://./charts/hive-metastore
  version: 1.0.0
- name: gravitino
  repository: file://./charts/gravitino
  version: 1.0.0
- name: spark-history-server
  repository: file://./charts/spark-history-server
  version: 1.0.0
- name: unity-catalog
  repository: file://./charts/unity-catalog
  version: 1.0.0
- name: spark-connect-server
  repository: file://./charts/spark-connect-server
  version: 1.0.0
- name: jupyterhub
  repository: file://./charts/jupyterhub
  version: 1.0.0
- name: ingress
  repository: file://./charts/ingress
  version: 1.0.0
digest: sha256:fdcb46cc9c046fd625de16db712d5cb422ecbb6358ec6a9398b491b491a0dd99
generated: "2026-05-03T00:58:45.018689594+05:30"
