dependencies:
- name: cloudnative-pg
  repository: https://cloudnative-pg.github.io/charts
  version: 0.29.0
- name: cert-manager
  repository: https://charts.jetstack.io
  version: v1.16.2
- name: spark-operator
  repository: https://kubeflow.github.io/spark-operator
  version: 2.4.0
- name: superset
  repository: https://apache.github.io/superset
  version: 0.12.0
- name: kube-starrocks
  repository: https://starrocks.github.io/starrocks-kubernetes-operator
  version: 1.9.8
- name: airflow
  repository: https://airflow.apache.org
  version: 1.21.0
- name: metrics-server
  repository: https://kubernetes-sigs.github.io/metrics-server/
  version: 3.12.1
- name: kube-prometheus-stack
  repository: https://prometheus-community.github.io/helm-charts
  version: 56.6.2
- name: loki-stack
  repository: https://grafana.github.io/helm-charts
  version: 2.10.2
- name: cloudflared
  repository: file://./charts/cloudflared
  version: 1.0.0
- name: headlamp
  repository: file://./charts/headlamp
  version: 1.0.0
- name: monitoring
  repository: file://./charts/monitoring
  version: 1.0.0
- name: thanos
  repository: file://./charts/thanos
  version: 1.0.0
- name: networking-extras
  repository: file://./charts/networking-extras
  version: 1.0.0
- name: persistence
  repository: file://./charts/persistence
  version: 1.0.0
- name: postgres
  repository: file://./charts/postgres
  version: 1.0.0
- name: redis
  repository: file://./charts/redis
  version: 1.0.0
- name: gravitino-helm
  repository: oci://registry-1.docker.io/apache
  version: 1.3.11
- name: spark-history-server
  repository: file://./charts/spark-history-server
  version: 1.0.0
- name: spark-connect-server
  repository: file://./charts/spark-connect-server
  version: 1.0.0
- name: jupyterhub
  repository: file://./charts/jupyterhub
  version: 1.0.0
- name: ingress
  repository: file://./charts/ingress
  version: 1.0.0
- name: airflow-git-sync
  repository: file://./charts/airflow-git-sync
  version: 1.0.0
digest: sha256:e0ec9cb0ad92475ac1675f00cb11fbc2f5064b31c0c2090ef6f57b6caf9de693
generated: "2026-09-01T16:07:11.431576+05:30"
